
Microsoft Visual Studio Solution File, Format Version 12.00
# Visual Studio Version 16
VisualStudioVersion = 16.0.31727.386
MinimumVisualStudioVersion = 10.0.40219.1
Project("{FAE04EC0-301F-11D3-BF4B-00C04F79EFBC}") = "Campingpladsen", "Campingpladsen\Campingpladsen.csproj", "{978D9730-5114-47B6-9118-44BEFE8204AE}"
EndProject
Global
	GlobalSection(SolutionConfigurationPlatforms) = preSolution
		Debug|Any CPU = Debug|Any CPU
		Release|Any CPU = Release|Any CPU
	EndGlobalSection
	GlobalSection(ProjectConfigurationPlatforms) = postSolution
		{978D9730-5114-47B6-9118-44BEFE8204AE}.Debug|Any CPU.ActiveCfg = Debug|Any CPU
		{978D9730-5114-47B6-9118-44BEFE8204AE}.Debug|Any CPU.Build.0 = Debug|Any CPU
		{978D9730-5114-47B6-9118-44BEFE8204AE}.Release|Any CPU.ActiveCfg = Release|Any CPU
		{978D9730-5114-47B6-9118-44BEFE8204AE}.Release|Any CPU.Build.0 = Release|Any CPU
	EndGlobalSection
	GlobalSection(SolutionProperties) = preSolution
		HideSolutionNode = FALSE
	EndGlobalSection
	GlobalSection(ExtensibilityGlobals) = postSolution
		SolutionGuid = {74009FA9-C60E-4E75-A6A6-69198EAFC5C0}
	EndGlobalSection
EndGlobal
